
Microsoft Visual Studio Solution File, Format Version 12.00
# Visual Studio 15
VisualStudioVersion = 15.0.27428.2015
MinimumVisualStudioVersion = 10.0.40219.1
Project("{FAE04EC0-301F-11D3-BF4B-00C04F79EFBC}") = "SELF", "SELF\SELF.csproj", "{9E59386D-E742-4AD1-8C07-E353C0F53F92}"
EndProject
Global
	GlobalSection(SolutionConfigurationPlatforms) = preSolution
		Debug|Any CPU = Debug|Any CPU
		Release|Any CPU = Release|Any CPU
	EndGlobalSection
	GlobalSection(ProjectConfigurationPlatforms) = postSolution
		{9E59386D-E742-4AD1-8C07-E353C0F53F92}.Debug|Any CPU.ActiveCfg = Debug|Any CPU
		{9E59386D-E742-4AD1-8C07-E353C0F53F92}.Debug|Any CPU.Build.0 = Debug|Any CPU
		{9E59386D-E742-4AD1-8C07-E353C0F53F92}.Release|Any CPU.ActiveCfg = Release|Any CPU
		{9E59386D-E742-4AD1-8C07-E353C0F53F92}.Release|Any CPU.Build.0 = Release|Any CPU
	EndGlobalSection
	GlobalSection(SolutionProperties) = preSolution
		HideSolutionNode = FALSE
	EndGlobalSection
	GlobalSection(ExtensibilityGlobals) = postSolution
		SolutionGuid = {E594EA11-D8E7-42D4-BD77-DE5CD4684F02}
	EndGlobalSection
EndGlobal
